{
  "name": "2_instalacao_npm",
  "version": "1.0.0",
  "lockfileVersion": 1,
  "requires": true,
  "dependencies": {
    "bootstrap": {
      "version": "5.0.0-beta3",
      "resolved": "https://registry.npmjs.org/bootstrap/-/bootstrap-5.0.0-beta3.tgz",
      "integrity": "sha512-0urccjfIOzhrb9qJysN8XW/DRw6rg3zH7qLeKIp4Zyl8+Ens4JWB0NC0cB5AhnSFPd2tftRggjwCMxablo6Tpg=="
    }
  }
}
